// !$*UTF8*$!
{
	archiveVersion = 1;
	classes = {
	};
	objectVersion = 50;
	objects = {

/* Begin PBXBuildFile section */
		3DD7C04B207BF8C100399A61 /* AppDelegate.swift in Sources */ = {isa = PBXBuildFile; fileRef = 3DD7C04A207BF8C100399A61 /* AppDelegate.swift */; };
		3DD7C050207BF8C100399A61 /* Main.storyboard in Resources */ = {isa = PBXBuildFile; fileRef = 3DD7C04E207BF8C100399A61 /* Main.storyboard */; };
		3DD7C052207BF8C200399A61 /* Assets.xcassets in Resources */ = {isa = PBXBuildFile; fileRef = 3DD7C051207BF8C200399A61 /* Assets.xcassets */; };
		3DD7C055207BF8C200399A61 /* LaunchScreen.storyboard in Resources */ = {isa = PBXBuildFile; fileRef = 3DD7C053207BF8C200399A61 /* LaunchScreen.storyboard */; };
		3DD7C060207BF8C200399A61 /* HomepwnerTests.swift in Sources */ = {isa = PBXBuildFile; fileRef = 3DD7C05F207BF8C200399A61 /* HomepwnerTests.swift */; };
		3DD7C06B207BF8C200399A61 /* HomepwnerUITests.swift in Sources */ = {isa = PBXBuildFile; fileRef = 3DD7C06A207BF8C200399A61 /* HomepwnerUITests.swift */; };
		3DD7C079207BF9B100399A61 /* ItemsViewController.swift in Sources */ = {isa = PBXBuildFile; fileRef = 3DD7C078207BF9B100399A61 /* ItemsViewController.swift */; };
		3DD7C07B207BFB5600399A61 /* Item.swift in Sources */ = {isa = PBXBuildFile; fileRef = 3DD7C07A207BFB5600399A61 /* Item.swift */; };
		3DD7C07D207BFF0500399A61 /* ItemStore.swift in Sources */ = {isa = PBXBuildFile; fileRef = 3DD7C07C207BFF0500399A61 /* ItemStore.swift */; };
/* End PBXBuildFile section */

/* Begin PBXContainerItemProxy section */
		3DD7C05C207BF8C200399A61 /* PBXContainerItemProxy */ = {
			isa = PBXContainerItemProxy;
			containerPortal = 3DD7C03F207BF8C100399A61 /* Project object */;
			proxyType = 1;
			remoteGlobalIDString = 3DD7C046207BF8C100399A61;
			remoteInfo = Homepwner;
		};
		3DD7C067207BF8C200399A61 /* PBXContainerItemProxy */ = {
			isa = PBXContainerItemProxy;
			containerPortal = 3DD7C03F207BF8C100399A61 /* Project object */;
			proxyType = 1;
			remoteGlobalIDString = 3DD7C046207BF8C100399A61;
			remoteInfo = Homepwner;
		};
/* End PBXContainerItemProxy section */

/* Begin PBXFileReference section */
		3DD7C047207BF8C100399A61 /* Homepwner.app */ = {isa = PBXFileReference; explicitFileType = wrapper.application; includeInIndex = 0; path = Homepwner.app; sourceTree = BUILT_PRODUCTS_DIR; };
		3DD7C04A207BF8C100399A61 /* AppDelegate.swift */ = {isa = PBXFileReference; lastKnownFileType = sourcecode.swift; path = AppDelegate.swift; sourceTree = "<group>"; };
		3DD7C04F207BF8C100399A61 /* Base */ = {isa = PBXFileReference; lastKnownFileType = file.storyboard; name = Base; path = Base.lproj/Main.storyboard; sourceTree = "<group>"; };
		3DD7C051207BF8C200399A61 /* Assets.xcassets */ = {isa = PBXFileReference; lastKnownFileType = folder.assetcatalog; path = Assets.xcassets; sourceTree = "<group>"; };
		3DD7C054207BF8C200399A61 /* Base */ = {isa = PBXFileReference; lastKnownFileType = file.storyboard; name = Base; path = Base.lproj/LaunchScreen.storyboard; sourceTree = "<group>"; };
		3DD7C056207BF8C200399A61 /* Info.plist */ = {isa = PBXFileReference; lastKnownFileType = text.plist.xml; path = Info.plist; sourceTree = "<group>"; };
		3DD7C05B207BF8C200399A61 /* HomepwnerTests.xctest */ = {isa = PBXFileReference; explicitFileType = wrapper.cfbundle; includeInIndex = 0; path = HomepwnerTests.xctest; sourceTree = BUILT_PRODUCTS_DIR; };
		3DD7C05F207BF8C200399A61 /* HomepwnerTests.swift */ = {isa = PBXFileReference; lastKnownFileType = sourcecode.swift; path = HomepwnerTests.swift; sourceTree = "<group>"; };
		3DD7C061207BF8C200399A61 /* Info.plist */ = {isa = PBXFileReference; lastKnownFileType = text.plist.xml; path = Info.plist; sourceTree = "<group>"; };
		3DD7C066207BF8C200399A61 /* HomepwnerUITests.xctest */ = {isa = PBXFileReference; explicitFileType = wrapper.cfbundle; includeInIndex = 0; path = HomepwnerUITests.xctest; sourceTree = BUILT_PRODUCTS_DIR; };
		3DD7C06A207BF8C200399A61 /* HomepwnerUITests.swift */ = {isa = PBXFileReference; lastKnownFileType = sourcecode.swift; path = HomepwnerUITests.swift; sourceTree = "<group>"; };
		3DD7C06C207BF8C200399A61 /* Info.plist */ = {isa = PBXFileReference; lastKnownFileType = text.plist.xml; path = Info.plist; sourceTree = "<group>"; };
		3DD7C078207BF9B100399A61 /* ItemsViewController.swift */ = {isa = PBXFileReference; lastKnownFileType = sourcecode.swift; path = ItemsViewController.swift; sourceTree = "<group>"; };
		3DD7C07A207BFB5600399A61 /* Item.swift */ = {isa = PBXFileReference; lastKnownFileType = sourcecode.swift; path = Item.swift; sourceTree = "<group>"; };
		3DD7C07C207BFF0500399A61 /* ItemStore.swift */ = {isa = PBXFileReference; lastKnownFileType = sourcecode.swift; path = ItemStore.swift; sourceTree = "<group>"; };
/* End PBXFileReference section */

/* Begin PBXFrameworksBuildPhase section */
		3DD7C044207BF8C100399A61 /* Frameworks */ = {
			isa = PBXFrameworksBuildPhase;
			buildActionMask = 2147483647;
			files = (
			);
			runOnlyForDeploymentPostprocessing = 0;
		};
		3DD7C058207BF8C200399A61 /* Frameworks */ = {
			isa = PBXFrameworksBuildPhase;
			buildActionMask = 2147483647;
			files = (
			);
			runOnlyForDeploymentPostprocessing = 0;
		};
		3DD7C063207BF8C200399A61 /* Frameworks */ = {
			isa = PBXFrameworksBuildPhase;
			buildActionMask = 2147483647;
			files = (
			);
			runOnlyForDeploymentPostprocessing = 0;
		};
/* End PBXFrameworksBuildPhase section */

/* Begin PBXGroup section */
		3DD7C03E207BF8C100399A61 = {
			isa = PBXGroup;
			children = (
				3DD7C049207BF8C100399A61 /* Homepwner */,
				3DD7C05E207BF8C200399A61 /* HomepwnerTests */,
				3DD7C069207BF8C200399A61 /* HomepwnerUITests */,
				3DD7C048207BF8C100399A61 /* Products */,
			);
			sourceTree = "<group>";
		};
		3DD7C048207BF8C100399A61 /* Products */ = {
			isa = PBXGroup;
			children = (
				3DD7C047207BF8C100399A61 /* Homepwner.app */,
				3DD7C05B207BF8C200399A61 /* HomepwnerTests.xctest */,
				3DD7C066207BF8C200399A61 /* HomepwnerUITests.xctest */,
			);
			name = Products;
			sourceTree = "<group>";
		};
		3DD7C049207BF8C100399A61 /* Homepwner */ = {
			isa = PBXGroup;
			children = (
				3DD7C04A207BF8C100399A61 /* AppDelegate.swift */,
				3DD7C078207BF9B100399A61 /* ItemsViewController.swift */,
				3DD7C07A207BFB5600399A61 /* Item.swift */,
				3DD7C04E207BF8C100399A61 /* Main.storyboard */,
				3DD7C07C207BFF0500399A61 /* ItemStore.swift */,
				3DD7C051207BF8C200399A61 /* Assets.xcassets */,
				3DD7C053207BF8C200399A61 /* LaunchScreen.storyboard */,
				3DD7C056207BF8C200399A61 /* Info.plist */,
			);
			path = Homepwner;
			sourceTree = "<group>";
		};
		3DD7C05E207BF8C200399A61 /* HomepwnerTests */ = {
			isa = PBXGroup;
			children = (
				3DD7C05F207BF8C200399A61 /* HomepwnerTests.swift */,
				3DD7C061207BF8C200399A61 /* Info.plist */,
			);
			path = HomepwnerTests;
			sourceTree = "<group>";
		};
		3DD7C069207BF8C200399A61 /* HomepwnerUITests */ = {
			isa = PBXGroup;
			children = (
				3DD7C06A207BF8C200399A61 /* HomepwnerUITests.swift */,
				3DD7C06C207BF8C200399A61 /* Info.plist */,
			);
			path = HomepwnerUITests;
			sourceTree = "<group>";
		};
/* End PBXGroup section */

/* Begin PBXNativeTarget section */
		3DD7C046207BF8C100399A61 /* Homepwner */ = {
			isa = PBXNativeTarget;
			buildConfigurationList = 3DD7C06F207BF8C200399A61 /* Build configuration list for PBXNativeTarget "Homepwner" */;
			buildPhases = (
				3DD7C043207BF8C100399A61 /* Sources */,
				3DD7C044207BF8C100399A61 /* Frameworks */,
				3DD7C045207BF8C100399A61 /* Resources */,
			);
			buildRules = (
			);
			dependencies = (
			);
			name = Homepwner;
			productName = Homepwner;
			productReference = 3DD7C047207BF8C100399A61 /* Homepwner.app */;
			productType = "com.apple.product-type.application";
		};
		3DD7C05A207BF8C200399A61 /* HomepwnerTests */ = {
			isa = PBXNativeTarget;
			buildConfigurationList = 3DD7C072207BF8C200399A61 /* Build configuration list for PBXNativeTarget "HomepwnerTests" */;
			buildPhases = (
				3DD7C057207BF8C200399A61 /* Sources */,
				3DD7C058207BF8C200399A61 /* Frameworks */,
				3DD7C059207BF8C200399A61 /* Resources */,
			);
			buildRules = (
			);
			dependencies = (
				3DD7C05D207BF8C200399A61 /* PBXTargetDependency */,
			);
			name = HomepwnerTests;
			productName = HomepwnerTests;
			productReference = 3DD7C05B207BF8C200399A61 /* HomepwnerTests.xctest */;
			productType = "com.apple.product-type.bundle.unit-test";
		};
		3DD7C065207BF8C200399A61 /* HomepwnerUITests */ = {
			isa = PBXNativeTarget;
			buildConfigurationList = 3DD7C075207BF8C200399A61 /* Build configuration list for PBXNativeTarget "HomepwnerUITests" */;
			buildPhases = (
				3DD7C062207BF8C200399A61 /* Sources */,
				3DD7C063207BF8C200399A61 /* Frameworks */,
				3DD7C064207BF8C200399A61 /* Resources */,
			);
			buildRules = (
			);
			dependencies = (
				3DD7C068207BF8C200399A61 /* PBXTargetDependency */,
			);
			name = HomepwnerUITests;
			productName = HomepwnerUITests;
			productReference = 3DD7C066207BF8C200399A61 /* HomepwnerUITests.xctest */;
			productType = "com.apple.product-type.bundle.ui-testing";
		};
/* End PBXNativeTarget section */

/* Begin PBXProject section */
		3DD7C03F207BF8C100399A61 /* Project object */ = {
			isa = PBXProject;
			attributes = {
				LastSwiftUpdateCheck = 0930;
				LastUpgradeCheck = 0930;
				ORGANIZATIONNAME = "Cedric Wille";
				TargetAttributes = {
					3DD7C046207BF8C100399A61 = {
						CreatedOnToolsVersion = 9.3;
					};
					3DD7C05A207BF8C200399A61 = {
						CreatedOnToolsVersion = 9.3;
						TestTargetID = 3DD7C046207BF8C100399A61;
					};
					3DD7C065207BF8C200399A61 = {
						CreatedOnToolsVersion = 9.3;
						TestTargetID = 3DD7C046207BF8C100399A61;
					};
				};
			};
			buildConfigurationList = 3DD7C042207BF8C100399A61 /* Build configuration list for PBXProject "Homepwner" */;
			compatibilityVersion = "Xcode 9.3";
			developmentRegion = en;
			hasScannedForEncodings = 0;
			knownRegions = (
				en,
				Base,
			);
			mainGroup = 3DD7C03E207BF8C100399A61;
			productRefGroup = 3DD7C048207BF8C100399A61 /* Products */;
			projectDirPath = "";
			projectRoot = "";
			targets = (
				3DD7C046207BF8C100399A61 /* Homepwner */,
				3DD7C05A207BF8C200399A61 /* HomepwnerTests */,
				3DD7C065207BF8C200399A61 /* HomepwnerUITests */,
			);
		};
/* End PBXProject section */

/* Begin PBXResourcesBuildPhase section */
		3DD7C045207BF8C100399A61 /* Resources */ = {
			isa = PBXResourcesBuildPhase;
			buildActionMask = 2147483647;
			files = (
				3DD7C055207BF8C200399A61 /* LaunchScreen.storyboard in Resources */,
				3DD7C052207BF8C200399A61 /* Assets.xcassets in Resources */,
				3DD7C050207BF8C100399A61 /* Main.storyboard in Resources */,
			);
			runOnlyForDeploymentPostprocessing = 0;
		};
		3DD7C059207BF8C200399A61 /* Resources */ = {
			isa = PBXResourcesBuildPhase;
			buildActionMask = 2147483647;
			files = (
			);
			runOnlyForDeploymentPostprocessing = 0;
		};
		3DD7C064207BF8C200399A61 /* Resources */ = {
			isa = PBXResourcesBuildPhase;
			buildActionMask = 2147483647;
			files = (
			);
			runOnlyForDeploymentPostprocessing = 0;
		};
/* End PBXResourcesBuildPhase section */

/* Begin PBXSourcesBuildPhase section */
		3DD7C043207BF8C100399A61 /* Sources */ = {
			isa = PBXSourcesBuildPhase;
			buildActionMask = 2147483647;
			files = (
				3DD7C079207BF9B100399A61 /* ItemsViewController.swift in Sources */,
				3DD7C07B207BFB5600399A61 /* Item.swift in Sources */,
				3DD7C07D207BFF0500399A61 /* ItemStore.swift in Sources */,
				3DD7C04B207BF8C100399A61 /* AppDelegate.swift in Sources */,
			);
			runOnlyForDeploymentPostprocessing = 0;
		};
		3DD7C057207BF8C200399A61 /* Sources */ = {
			isa = PBXSourcesBuildPhase;
			buildActionMask = 2147483647;
			files = (
				3DD7C060207BF8C200399A61 /* HomepwnerTests.swift in Sources */,
			);
			runOnlyForDeploymentPostprocessing = 0;
		};
		3DD7C062207BF8C200399A61 /* Sources */ = {
			isa = PBXSourcesBuildPhase;
			buildActionMask = 2147483647;
			files = (
				3DD7C06B207BF8C200399A61 /* HomepwnerUITests.swift in Sources */,
			);
			runOnlyForDeploymentPostprocessing = 0;
		};
/* End PBXSourcesBuildPhase section */

/* Begin PBXTargetDependency section */
		3DD7C05D207BF8C200399A61 /* PBXTargetDependency */ = {
			isa = PBXTargetDependency;
			target = 3DD7C046207BF8C100399A61 /* Homepwner */;
			targetProxy = 3DD7C05C207BF8C200399A61 /* PBXContainerItemProxy */;
		};
		3DD7C068207BF8C200399A61 /* PBXTargetDependency */ = {
			isa = PBXTargetDependency;
			target = 3DD7C046207BF8C100399A61 /* Homepwner */;
			targetProxy = 3DD7C067207BF8C200399A61 /* PBXContainerItemProxy */;
		};
/* End PBXTargetDependency section */

/* Begin PBXVariantGroup section */
		3DD7C04E207BF8C100399A61 /* Main.storyboard */ = {
			isa = PBXVariantGroup;
			children = (
				3DD7C04F207BF8C100399A61 /* Base */,
			);
			name = Main.storyboard;
			sourceTree = "<group>";
		};
		3DD7C053207BF8C200399A61 /* LaunchScreen.storyboard */ = {
			isa = PBXVariantGroup;
			children = (
				3DD7C054207BF8C200399A61 /* Base */,
			);
			name = LaunchScreen.storyboard;
			sourceTree = "<group>";
		};
/* End PBXVariantGroup section */

/* Begin XCBuildConfiguration section */
		3DD7C06D207BF8C200399A61 /* Debug */ = {
			isa = XCBuildConfiguration;
			buildSettings = {
				ALWAYS_SEARCH_USER_PATHS = NO;
				CLANG_ANALYZER_NONNULL = YES;
				CLANG_ANALYZER_NUMBER_OBJECT_CONVERSION = YES_AGGRESSIVE;
				CLANG_CXX_LANGUAGE_STANDARD = "gnu++14";
				CLANG_CXX_LIBRARY = "libc++";
				CLANG_ENABLE_MODULES = YES;
				CLANG_ENABLE_OBJC_ARC = YES;
				CLANG_ENABLE_OBJC_WEAK = YES;
				CLANG_WARN_BLOCK_CAPTURE_AUTORELEASING = YES;
				CLANG_WARN_BOOL_CONVERSION = YES;
				CLANG_WARN_COMMA = YES;
				CLANG_WARN_CONSTANT_CONVERSION = YES;
				CLANG_WARN_DEPRECATED_OBJC_IMPLEMENTATIONS = YES;
				CLANG_WARN_DIRECT_OBJC_ISA_USAGE = YES_ERROR;
				CLANG_WARN_DOCUMENTATION_COMMENTS = YES;
				CLANG_WARN_EMPTY_BODY = YES;
				CLANG_WARN_ENUM_CONVERSION = YES;
				CLANG_WARN_INFINITE_RECURSION = YES;
				CLANG_WARN_INT_CONVERSION = YES;
				CLANG_WARN_NON_LITERAL_NULL_CONVERSION = YES;
				CLANG_WARN_OBJC_IMPLICIT_RETAIN_SELF = YES;
				CLANG_WARN_OBJC_LITERAL_CONVERSION = YES;
				CLANG_WARN_OBJC_ROOT_CLASS = YES_ERROR;
				CLANG_WARN_RANGE_LOOP_ANALYSIS = YES;
				CLANG_WARN_STRICT_PROTOTYPES = YES;
				CLANG_WARN_SUSPICIOUS_MOVE = YES;
				CLANG_WARN_UNGUARDED_AVAILABILITY = YES_AGGRESSIVE;
				CLANG_WARN_UNREACHABLE_CODE = YES;
				CLANG_WARN__DUPLICATE_METHOD_MATCH = YES;
				CODE_SIGN_IDENTITY = "iPhone Developer";
				COPY_PHASE_STRIP = NO;
				DEBUG_INFORMATION_FORMAT = dwarf;
				ENABLE_STRICT_OBJC_MSGSEND = YES;
				ENABLE_TESTABILITY = YES;
				GCC_C_LANGUAGE_STANDARD = gnu11;
				GCC_DYNAMIC_NO_PIC = NO;
				GCC_NO_COMMON_BLOCKS = YES;
				GCC_OPTIMIZATION_LEVEL = 0;
				GCC_PREPROCESSOR_DEFINITIONS = (
					"DEBUG=1",
					"$(inherited)",
				);
				GCC_WARN_64_TO_32_BIT_CONVERSION = YES;
				GCC_WARN_ABOUT_RETURN_TYPE = YES_ERROR;
				GCC_WARN_UNDECLARED_SELECTOR = YES;
				GCC_WARN_UNINITIALIZED_AUTOS = YES_AGGRESSIVE;
				GCC_WARN_UNUSED_FUNCTION = YES;
				GCC_WARN_UNUSED_VARIABLE = YES;
				IPHONEOS_DEPLOYMENT_TARGET = 11.3;
				MTL_ENABLE_DEBUG_INFO = YES;
				ONLY_ACTIVE_ARCH = YES;
				SDKROOT = iphoneos;
				SWIFT_ACTIVE_COMPILATION_CONDITIONS = DEBUG;
				SWIFT_OPTIMIZATION_LEVEL = "-Onone";
			};
			name = Debug;
		};
		3DD7C06E207BF8C200399A61 /* Release */ = {
			isa = XCBuildConfiguration;
			buildSettings = {
				ALWAYS_SEARCH_USER_PATHS = NO;
				CLANG_ANALYZER_NONNULL = YES;
				CLANG_ANALYZER_NUMBER_OBJECT_CONVERSION = YES_AGGRESSIVE;
				CLANG_CXX_LANGUAGE_STANDARD = "gnu++14";
				CLANG_CXX_LIBRARY = "libc++";
				CLANG_ENABLE_MODULES = YES;
				CLANG_ENABLE_OBJC_ARC = YES;
				CLANG_ENABLE_OBJC_WEAK = YES;
				CLANG_WARN_BLOCK_CAPTURE_AUTORELEASING = YES;
				CLANG_WARN_BOOL_CONVERSION = YES;
				CLANG_WARN_COMMA = YES;
				CLANG_WARN_CONSTANT_CONVERSION = YES;
				CLANG_WARN_DEPRECATED_OBJC_IMPLEMENTATIONS = YES;
				CLANG_WARN_DIRECT_OBJC_ISA_USAGE = YES_ERROR;
				CLANG_WARN_DOCUMENTATION_COMMENTS = YES;
				CLANG_WARN_EMPTY_BODY = YES;
				CLANG_WARN_ENUM_CONVERSION = YES;
				CLANG_WARN_INFINITE_RECURSION = YES;
				CLANG_WARN_INT_CONVERSION = YES;
				CLANG_WARN_NON_LITERAL_NULL_CONVERSION = YES;
				CLANG_WARN_OBJC_IMPLICIT_RETAIN_SELF = YES;
				CLANG_WARN_OBJC_LITERAL_CONVERSION = YES;
				CLANG_WARN_OBJC_ROOT_CLASS = YES_ERROR;
				CLANG_WARN_RANGE_LOOP_ANALYSIS = YES;
				CLANG_WARN_STRICT_PROTOTYPES = YES;
				CLANG_WARN_SUSPICIOUS_MOVE = YES;
				CLANG_WARN_UNGUARDED_AVAILABILITY = YES_AGGRESSIVE;
				CLANG_WARN_UNREACHABLE_CODE = YES;
				CLANG_WARN__DUPLICATE_METHOD_MATCH = YES;
				CODE_SIGN_IDENTITY = "iPhone Developer";
				COPY_PHASE_STRIP = NO;
				DEBUG_INFORMATION_FORMAT = "dwarf-with-dsym";
				ENABLE_NS_ASSERTIONS = NO;
				ENABLE_STRICT_OBJC_MSGSEND = YES;
				GCC_C_LANGUAGE_STANDARD = gnu11;
				GCC_NO_COMMON_BLOCKS = YES;
				GCC_WARN_64_TO_32_BIT_CONVERSION = YES;
				GCC_WARN_ABOUT_RETURN_TYPE = YES_ERROR;
				GCC_WARN_UNDECLARED_SELECTOR = YES;
				GCC_WARN_UNINITIALIZED_AUTOS = YES_AGGRESSIVE;
				GCC_WARN_UNUSED_FUNCTION = YES;
				GCC_WARN_UNUSED_VARIABLE = YES;
				IPHONEOS_DEPLOYMENT_TARGET = 11.3;
				MTL_ENABLE_DEBUG_INFO = NO;
				SDKROOT = iphoneos;
				SWIFT_COMPILATION_MODE = wholemodule;
				SWIFT_OPTIMIZATION_LEVEL = "-O";
				VALIDATE_PRODUCT = YES;
			};
			name = Release;
		};
		3DD7C070207BF8C200399A61 /* Debug */ = {
			isa = XCBuildConfiguration;
			buildSettings = {
				ASSETCATALOG_COMPILER_APPICON_NAME = AppIcon;
				CODE_SIGN_STYLE = Automatic;
				INFOPLIST_FILE = Homepwner/Info.plist;
				LD_RUNPATH_SEARCH_PATHS = (
					"$(inherited)",
					"@executable_path/Frameworks",
				);
				PRODUCT_BUNDLE_IDENTIFIER = com.cwille97.Homepwner;
				PRODUCT_NAME = "$(TARGET_NAME)";
				SWIFT_VERSION = 4.0;
				TARGETED_DEVICE_FAMILY = "1,2";
			};
			name = Debug;
		};
		3DD7C071207BF8C200399A61 /* Release */ = {
			isa = XCBuildConfiguration;
			buildSettings = {
				ASSETCATALOG_COMPILER_APPICON_NAME = AppIcon;
				CODE_SIGN_STYLE = Automatic;
				INFOPLIST_FILE = Homepwner/Info.plist;
				LD_RUNPATH_SEARCH_PATHS = (
					"$(inherited)",
					"@executable_path/Frameworks",
				);
				PRODUCT_BUNDLE_IDENTIFIER = com.cwille97.Homepwner;
				PRODUCT_NAME = "$(TARGET_NAME)";
				SWIFT_VERSION = 4.0;
				TARGETED_DEVICE_FAMILY = "1,2";
			};
			name = Release;
		};
		3DD7C073207BF8C200399A61 /* Debug */ = {
			isa = XCBuildConfiguration;
			buildSettings = {
				ALWAYS_EMBED_SWIFT_STANDARD_LIBRARIES = YES;
				BUNDLE_LOADER = "$(TEST_HOST)";
				CODE_SIGN_STYLE = Automatic;
				INFOPLIST_FILE = HomepwnerTests/Info.plist;
				LD_RUNPATH_SEARCH_PATHS = (
					"$(inherited)",
					"@executable_path/Frameworks",
					"@loader_path/Frameworks",
				);
				PRODUCT_BUNDLE_IDENTIFIER = com.cwille97.HomepwnerTests;
				PRODUCT_NAME = "$(TARGET_NAME)";
				SWIFT_VERSION = 4.0;
				TARGETED_DEVICE_FAMILY = "1,2";
				TEST_HOST = "$(BUILT_PRODUCTS_DIR)/Homepwner.app/Homepwner";
			};
			name = Debug;
		};
		3DD7C074207BF8C200399A61 /* Release */ = {
			isa = XCBuildConfiguration;
			buildSettings = {
				ALWAYS_EMBED_SWIFT_STANDARD_LIBRARIES = YES;
				BUNDLE_LOADER = "$(TEST_HOST)";
				CODE_SIGN_STYLE = Automatic;
				INFOPLIST_FILE = HomepwnerTests/Info.plist;
				LD_RUNPATH_SEARCH_PATHS = (
					"$(inherited)",
					"@executable_path/Frameworks",
					"@loader_path/Frameworks",
				);
				PRODUCT_BUNDLE_IDENTIFIER = com.cwille97.HomepwnerTests;
				PRODUCT_NAME = "$(TARGET_NAME)";
				SWIFT_VERSION = 4.0;
				TARGETED_DEVICE_FAMILY = "1,2";
				TEST_HOST = "$(BUILT_PRODUCTS_DIR)/Homepwner.app/Homepwner";
			};
			name = Release;
		};
		3DD7C076207BF8C200399A61 /* Debug */ = {
			isa = XCBuildConfiguration;
			buildSettings = {
				ALWAYS_EMBED_SWIFT_STANDARD_LIBRARIES = YES;
				CODE_SIGN_STYLE = Automatic;
				INFOPLIST_FILE = HomepwnerUITests/Info.plist;
				LD_RUNPATH_SEARCH_PATHS = (
					"$(inherited)",
					"@executable_path/Frameworks",
					"@loader_path/Frameworks",
				);
				PRODUCT_BUNDLE_IDENTIFIER = com.cwille97.HomepwnerUITests;
				PRODUCT_NAME = "$(TARGET_NAME)";
				SWIFT_VERSION = 4.0;
				TARGETED_DEVICE_FAMILY = "1,2";
				TEST_TARGET_NAME = Homepwner;
			};
			name = Debug;
		};
		3DD7C077207BF8C200399A61 /* Release */ = {
			isa = XCBuildConfiguration;
			buildSettings = {
				ALWAYS_EMBED_SWIFT_STANDARD_LIBRARIES = YES;
				CODE_SIGN_STYLE = Automatic;
				INFOPLIST_FILE = HomepwnerUITests/Info.plist;
				LD_RUNPATH_SEARCH_PATHS = (
					"$(inherited)",
					"@executable_path/Frameworks",
					"@loader_path/Frameworks",
				);
				PRODUCT_BUNDLE_IDENTIFIER = com.cwille97.HomepwnerUITests;
				PRODUCT_NAME = "$(TARGET_NAME)";
				SWIFT_VERSION = 4.0;
				TARGETED_DEVICE_FAMILY = "1,2";
				TEST_TARGET_NAME = Homepwner;
			};
			name = Release;
		};
/* End XCBuildConfiguration section */

/* Begin XCConfigurationList section */
		3DD7C042207BF8C100399A61 /* Build configuration list for PBXProject "Homepwner" */ = {
			isa = XCConfigurationList;
			buildConfigurations = (
				3DD7C06D207BF8C200399A61 /* Debug */,
				3DD7C06E207BF8C200399A61 /* Release */,
			);
			defaultConfigurationIsVisible = 0;
			defaultConfigurationName = Release;
		};
		3DD7C06F207BF8C200399A61 /* Build configuration list for PBXNativeTarget "Homepwner" */ = {
			isa = XCConfigurationList;
			buildConfigurations = (
				3DD7C070207BF8C200399A61 /* Debug */,
				3DD7C071207BF8C200399A61 /* Release */,
			);
			defaultConfigurationIsVisible = 0;
			defaultConfigurationName = Release;
		};
		3DD7C072207BF8C200399A61 /* Build configuration list for PBXNativeTarget "HomepwnerTests" */ = {
			isa = XCConfigurationList;
			buildConfigurations = (
				3DD7C073207BF8C200399A61 /* Debug */,
				3DD7C074207BF8C200399A61 /* Release */,
			);
			defaultConfigurationIsVisible = 0;
			defaultConfigurationName = Release;
		};
		3DD7C075207BF8C200399A61 /* Build configuration list for PBXNativeTarget "HomepwnerUITests" */ = {
			isa = XCConfigurationList;
			buildConfigurations = (
				3DD7C076207BF8C200399A61 /* Debug */,
				3DD7C077207BF8C200399A61 /* Release */,
			);
			defaultConfigurationIsVisible = 0;
			defaultConfigurationName = Release;
		};
/* End XCConfigurationList section */
	};
	rootObject = 3DD7C03F207BF8C100399A61 /* Project object */;
}
